
Microsoft Visual Studio Solution File, Format Version 12.00
# Visual Studio 2013
VisualStudioVersion = 12.0.31101.0
MinimumVisualStudioVersion = 10.0.40219.1
Project("{FAE04EC0-301F-11D3-BF4B-00C04F79EFBC}") = "StigSchmidtNielsson.Utils", "StigSchmidtNielsson.Utils\StigSchmidtNielsson.Utils.csproj", "{535EFF4A-FFB3-461F-834F-8762007D7B68}"
EndProject
Project("{FAE04EC0-301F-11D3-BF4B-00C04F79EFBC}") = "StigSchmidtNielsson.Utils.Test", "StigSchmidtNielsson.Utils.Test\StigSchmidtNielsson.Utils.Test.csproj", "{6EF42EFF-EEF6-430D-821D-63A3997C090F}"
EndProject
Project("{2150E333-8FDC-42A3-9474-1A3956D46DE8}") = ".nuget", ".nuget", "{42E39DDE-38C9-49F0-BD94-4498C76B11EF}"
	ProjectSection(SolutionItems) = preProject
		.nuget\NuGet.Config = .nuget\NuGet.Config
		.nuget\NuGet.exe = .nuget\NuGet.exe
		.nuget\NuGet.targets = .nuget\NuGet.targets
	EndProjectSection
EndProject
Global
	GlobalSection(SolutionConfigurationPlatforms) = preSolution
		Debug|Any CPU = Debug|Any CPU
		Release|Any CPU = Release|Any CPU
	EndGlobalSection
	GlobalSection(ProjectConfigurationPlatforms) = postSolution
		{535EFF4A-FFB3-461F-834F-8762007D7B68}.Debug|Any CPU.ActiveCfg = Debug|Any CPU
		{535EFF4A-FFB3-461F-834F-8762007D7B68}.Debug|Any CPU.Build.0 = Debug|Any CPU
		{535EFF4A-FFB3-461F-834F-8762007D7B68}.Release|Any CPU.ActiveCfg = Release|Any CPU
		{535EFF4A-FFB3-461F-834F-8762007D7B68}.Release|Any CPU.Build.0 = Release|Any CPU
		{6EF42EFF-EEF6-430D-821D-63A3997C090F}.Debug|Any CPU.ActiveCfg = Debug|Any CPU
		{6EF42EFF-EEF6-430D-821D-63A3997C090F}.Debug|Any CPU.Build.0 = Debug|Any CPU
		{6EF42EFF-EEF6-430D-821D-63A3997C090F}.Release|Any CPU.ActiveCfg = Release|Any CPU
		{6EF42EFF-EEF6-430D-821D-63A3997C090F}.Release|Any CPU.Build.0 = Release|Any CPU
	EndGlobalSection
	GlobalSection(SolutionProperties) = preSolution
		HideSolutionNode = FALSE
	EndGlobalSection
EndGlobal
